
Microsoft Visual Studio Solution File, Format Version 12.00
# Visual Studio Version 16
VisualStudioVersion = 16.0.31019.35
MinimumVisualStudioVersion = 10.0.40219.1
Project("{9A19103F-16F7-4668-BE54-9A1E7A4F7556}") = "Homework2", "Homework2\Homework2.csproj", "{3F1F0414-2E93-4AF9-B1D6-E6F0EE8510D7}"
EndProject
Project("{9A19103F-16F7-4668-BE54-9A1E7A4F7556}") = "XUnitTestProject", "XUnitTestProject\XUnitTestProject.csproj", "{C5BD28A1-CE41-42A3-923E-712961547457}"
EndProject
Global
	GlobalSection(SolutionConfigurationPlatforms) = preSolution
		Debug|Any CPU = Debug|Any CPU
		Release|Any CPU = Release|Any CPU
	EndGlobalSection
	GlobalSection(ProjectConfigurationPlatforms) = postSolution
		{3F1F0414-2E93-4AF9-B1D6-E6F0EE8510D7}.Debug|Any CPU.ActiveCfg = Debug|Any CPU
		{3F1F0414-2E93-4AF9-B1D6-E6F0EE8510D7}.Debug|Any CPU.Build.0 = Debug|Any CPU
		{3F1F0414-2E93-4AF9-B1D6-E6F0EE8510D7}.Release|Any CPU.ActiveCfg = Release|Any CPU
		{3F1F0414-2E93-4AF9-B1D6-E6F0EE8510D7}.Release|Any CPU.Build.0 = Release|Any CPU
		{C5BD28A1-CE41-42A3-923E-712961547457}.Debug|Any CPU.ActiveCfg = Debug|Any CPU
		{C5BD28A1-CE41-42A3-923E-712961547457}.Debug|Any CPU.Build.0 = Debug|Any CPU
		{C5BD28A1-CE41-42A3-923E-712961547457}.Release|Any CPU.ActiveCfg = Release|Any CPU
		{C5BD28A1-CE41-42A3-923E-712961547457}.Release|Any CPU.Build.0 = Release|Any CPU
	EndGlobalSection
	GlobalSection(SolutionProperties) = preSolution
		HideSolutionNode = FALSE
	EndGlobalSection
	GlobalSection(ExtensibilityGlobals) = postSolution
		SolutionGuid = {3AB20D09-0DDB-4225-A535-678D36BC3BB0}
	EndGlobalSection
EndGlobal
